
Microsoft Visual Studio Solution File, Format Version 12.00
# Visual Studio Version 16
VisualStudioVersion = 16.0.30011.22
MinimumVisualStudioVersion = 10.0.40219.1
Project("{F184B08F-C81C-45F6-A57F-5ABD9991F28F}") = "Forest OS", "Forest OS\Forest OS.vbproj", "{C6F68697-1CA1-4960-9C27-EEE67979CF7B}"
EndProject
Project("{F184B08F-C81C-45F6-A57F-5ABD9991F28F}") = "Forest-OS-Console", "Forest-OS-Console\Forest-OS-Console.vbproj", "{B4FBE369-16D4-496F-88FB-E0817E134BC4}"
EndProject
Project("{F184B08F-C81C-45F6-A57F-5ABD9991F28F}") = "ForestOSUtilities", "ForestOSUtilities\ForestOSUtilities.vbproj", "{199809DD-80FA-4DFF-8C67-C106B06D6EC2}"
EndProject
Project("{F184B08F-C81C-45F6-A57F-5ABD9991F28F}") = "Forest-OS-ConsoleUtilities", "Forest-OS-ConsoleUtilities\Forest-OS-ConsoleUtilities.vbproj", "{8B7D32AF-F8F1-4665-BFF4-ED83E3A502EC}"
EndProject
Project("{F184B08F-C81C-45F6-A57F-5ABD9991F28F}") = "Forest-OS-First-Time-Setup", "Forest-OS-First-Time-Setup\Forest-OS-First-Time-Setup.vbproj", "{06ABFE1A-E09B-4E4B-90E5-14EBD8648294}"
EndProject
Global
	GlobalSection(SolutionConfigurationPlatforms) = preSolution
		Debug|Any CPU = Debug|Any CPU
		Release|Any CPU = Release|Any CPU
	EndGlobalSection
	GlobalSection(ProjectConfigurationPlatforms) = postSolution
		{C6F68697-1CA1-4960-9C27-EEE67979CF7B}.Debug|Any CPU.ActiveCfg = Debug|Any CPU
		{C6F68697-1CA1-4960-9C27-EEE67979CF7B}.Debug|Any CPU.Build.0 = Debug|Any CPU
		{C6F68697-1CA1-4960-9C27-EEE67979CF7B}.Release|Any CPU.ActiveCfg = Release|Any CPU
		{C6F68697-1CA1-4960-9C27-EEE67979CF7B}.Release|Any CPU.Build.0 = Release|Any CPU
		{B4FBE369-16D4-496F-88FB-E0817E134BC4}.Debug|Any CPU.ActiveCfg = Debug|Any CPU
		{B4FBE369-16D4-496F-88FB-E0817E134BC4}.Debug|Any CPU.Build.0 = Debug|Any CPU
		{B4FBE369-16D4-496F-88FB-E0817E134BC4}.Release|Any CPU.ActiveCfg = Release|Any CPU
		{B4FBE369-16D4-496F-88FB-E0817E134BC4}.Release|Any CPU.Build.0 = Release|Any CPU
		{199809DD-80FA-4DFF-8C67-C106B06D6EC2}.Debug|Any CPU.ActiveCfg = Debug|Any CPU
		{199809DD-80FA-4DFF-8C67-C106B06D6EC2}.Debug|Any CPU.Build.0 = Debug|Any CPU
		{199809DD-80FA-4DFF-8C67-C106B06D6EC2}.Release|Any CPU.ActiveCfg = Release|Any CPU
		{199809DD-80FA-4DFF-8C67-C106B06D6EC2}.Release|Any CPU.Build.0 = Release|Any CPU
		{8B7D32AF-F8F1-4665-BFF4-ED83E3A502EC}.Debug|Any CPU.ActiveCfg = Debug|Any CPU
		{8B7D32AF-F8F1-4665-BFF4-ED83E3A502EC}.Debug|Any CPU.Build.0 = Debug|Any CPU
		{8B7D32AF-F8F1-4665-BFF4-ED83E3A502EC}.Release|Any CPU.ActiveCfg = Release|Any CPU
		{8B7D32AF-F8F1-4665-BFF4-ED83E3A502EC}.Release|Any CPU.Build.0 = Release|Any CPU
		{06ABFE1A-E09B-4E4B-90E5-14EBD8648294}.Debug|Any CPU.ActiveCfg = Debug|Any CPU
		{06ABFE1A-E09B-4E4B-90E5-14EBD8648294}.Debug|Any CPU.Build.0 = Debug|Any CPU
		{06ABFE1A-E09B-4E4B-90E5-14EBD8648294}.Release|Any CPU.ActiveCfg = Release|Any CPU
		{06ABFE1A-E09B-4E4B-90E5-14EBD8648294}.Release|Any CPU.Build.0 = Release|Any CPU
	EndGlobalSection
	GlobalSection(SolutionProperties) = preSolution
		HideSolutionNode = FALSE
	EndGlobalSection
	GlobalSection(ExtensibilityGlobals) = postSolution
		SolutionGuid = {6D51FACA-1D6B-400D-A651-1C2766B51796}
	EndGlobalSection
EndGlobal
